
Microsoft Visual Studio Solution File, Format Version 12.00
# Visual Studio 2013
VisualStudioVersion = 12.0.20617.1 PREVIEW
MinimumVisualStudioVersion = 10.0.40219.1
Project("{FAE04EC0-301F-11D3-BF4B-00C04F79EFBC}") = "Quartz.Unity.40", "Quartz.Unity.40\Quartz.Unity.40.csproj", "{A3412AE3-7F5B-4B15-9642-397BB78E5D6F}"
EndProject
Project("{FAE04EC0-301F-11D3-BF4B-00C04F79EFBC}") = "Quartz.Unity.45", "Quartz.Unity.45\Quartz.Unity.45.csproj", "{5E7B59F1-A8F9-41DD-A582-C55A2CF33E3E}"
EndProject
Global
	GlobalSection(SolutionConfigurationPlatforms) = preSolution
		Debug|Any CPU = Debug|Any CPU
		Release|Any CPU = Release|Any CPU
	EndGlobalSection
	GlobalSection(ProjectConfigurationPlatforms) = postSolution
		{A3412AE3-7F5B-4B15-9642-397BB78E5D6F}.Debug|Any CPU.ActiveCfg = Debug|Any CPU
		{A3412AE3-7F5B-4B15-9642-397BB78E5D6F}.Debug|Any CPU.Build.0 = Debug|Any CPU
		{A3412AE3-7F5B-4B15-9642-397BB78E5D6F}.Release|Any CPU.ActiveCfg = Release|Any CPU
		{A3412AE3-7F5B-4B15-9642-397BB78E5D6F}.Release|Any CPU.Build.0 = Release|Any CPU
		{5E7B59F1-A8F9-41DD-A582-C55A2CF33E3E}.Debug|Any CPU.ActiveCfg = Debug|Any CPU
		{5E7B59F1-A8F9-41DD-A582-C55A2CF33E3E}.Debug|Any CPU.Build.0 = Debug|Any CPU
		{5E7B59F1-A8F9-41DD-A582-C55A2CF33E3E}.Release|Any CPU.ActiveCfg = Release|Any CPU
		{5E7B59F1-A8F9-41DD-A582-C55A2CF33E3E}.Release|Any CPU.Build.0 = Release|Any CPU
	EndGlobalSection
	GlobalSection(SolutionProperties) = preSolution
		HideSolutionNode = FALSE
	EndGlobalSection
	GlobalSection(ExtensibilityGlobals) = postSolution
		EnterpriseLibraryConfigurationToolBinariesPath = packages\Unity.2.1.505.2\lib\NET35
	EndGlobalSection
EndGlobal
